{
  "R": {
    "Version": "4.6.1",
    "Repositories": [
      {
        "Name": "CRAN",
        "URL": "https://cloud.r-project.org"
      }
    ]
  },
  "Packages": {
    "arrow": {
      "Package": "arrow",
      "Version": "25.0.1",
      "Source": "Repository",
      "Repository": "CRAN"
    },
    "nanoparquet": {
      "Package": "nanoparquet",
      "Version": "0.5.2",
      "Source": "Repository",
      "Repository": "CRAN"
    },
    "data.table": {
      "Package": "data.table",
      "Version": "1.18.6.1",
      "Source": "Repository",
      "Repository": "CRAN"
    },
    "dplyr": {
      "Package": "dplyr",
      "Version": "1.2.1",
      "Source": "Repository",
      "Repository": "CRAN"
    },
    "ggplot2": {
      "Package": "ggplot2",
      "Version": "4.0.3",
      "Source": "Repository",
      "Repository": "CRAN"
    },
    "corrplot": {
      "Package": "corrplot",
      "Version": "0.95",
      "Source": "Repository",
      "Repository": "CRAN"
    },
    "pROC": {
      "Package": "pROC",
      "Version": "1.19.1",
      "Source": "Repository",
      "Repository": "CRAN"
    },
    "randomForest": {
      "Package": "randomForest",
      "Version": "4.7-1.2",
      "Source": "Repository",
      "Repository": "CRAN"
    },
    "e1071": {
      "Package": "e1071",
      "Version": "1.7-17",
      "Source": "Repository",
      "Repository": "CRAN"
    },
    "officer": {
      "Package": "officer",
      "Version": "0.7.6",
      "Source": "Repository",
      "Repository": "CRAN"
    },
    "flextable": {
      "Package": "flextable",
      "Version": "0.10.1",
      "Source": "Repository",
      "Repository": "CRAN"
    },
    "renv": {
      "Package": "renv",
      "Version": "1.2.4",
      "Source": "Repository",
      "Repository": "CRAN"
    }
  }
}
